
Microsoft Visual Studio Solution File, Format Version 12.00
# Visual Studio Version 16
VisualStudioVersion = 16.0.30907.101
MinimumVisualStudioVersion = 10.0.40219.1
Project("{FAE04EC0-301F-11D3-BF4B-00C04F79EFBC}") = "WinAppTraductor", "WinAppTraductor.csproj", "{0AEE8DAD-0599-452D-B010-41B03DC59090}"
EndProject
Project("{FAE04EC0-301F-11D3-BF4B-00C04F79EFBC}") = "WinAppIngEsp", "..\WinAppIngEsp\WinAppIngEsp.csproj", "{2800D3D1-3066-4C25-B485-4847344D2BC4}"
EndProject
Project("{FAE04EC0-301F-11D3-BF4B-00C04F79EFBC}") = "WinAppEspIngles", "..\WinAppEspIngles\WinAppEspIngles.csproj", "{E56C3CAB-96D6-4E67-842B-D0676CDB0A39}"
EndProject
Project("{FAE04EC0-301F-11D3-BF4B-00C04F79EFBC}") = "winAppEspQui", "..\winAppEspQui\winAppEspQui.csproj", "{5D65E93A-2521-4BD5-8594-9903684F0966}"
EndProject
Project("{FAE04EC0-301F-11D3-BF4B-00C04F79EFBC}") = "WinAppQuiEsp", "..\WinAppQuiEsp\WinAppQuiEsp.csproj", "{938BF78D-8313-4CC2-8439-75B0824B6115}"
EndProject
Global
	GlobalSection(SolutionConfigurationPlatforms) = preSolution
		Debug|Any CPU = Debug|Any CPU
		Release|Any CPU = Release|Any CPU
	EndGlobalSection
	GlobalSection(ProjectConfigurationPlatforms) = postSolution
		{0AEE8DAD-0599-452D-B010-41B03DC59090}.Debug|Any CPU.ActiveCfg = Debug|Any CPU
		{0AEE8DAD-0599-452D-B010-41B03DC59090}.Debug|Any CPU.Build.0 = Debug|Any CPU
		{0AEE8DAD-0599-452D-B010-41B03DC59090}.Release|Any CPU.ActiveCfg = Release|Any CPU
		{0AEE8DAD-0599-452D-B010-41B03DC59090}.Release|Any CPU.Build.0 = Release|Any CPU
		{2800D3D1-3066-4C25-B485-4847344D2BC4}.Debug|Any CPU.ActiveCfg = Debug|Any CPU
		{2800D3D1-3066-4C25-B485-4847344D2BC4}.Debug|Any CPU.Build.0 = Debug|Any CPU
		{2800D3D1-3066-4C25-B485-4847344D2BC4}.Release|Any CPU.ActiveCfg = Release|Any CPU
		{2800D3D1-3066-4C25-B485-4847344D2BC4}.Release|Any CPU.Build.0 = Release|Any CPU
		{E56C3CAB-96D6-4E67-842B-D0676CDB0A39}.Debug|Any CPU.ActiveCfg = Debug|Any CPU
		{E56C3CAB-96D6-4E67-842B-D0676CDB0A39}.Debug|Any CPU.Build.0 = Debug|Any CPU
		{E56C3CAB-96D6-4E67-842B-D0676CDB0A39}.Release|Any CPU.ActiveCfg = Release|Any CPU
		{E56C3CAB-96D6-4E67-842B-D0676CDB0A39}.Release|Any CPU.Build.0 = Release|Any CPU
		{5D65E93A-2521-4BD5-8594-9903684F0966}.Debug|Any CPU.ActiveCfg = Debug|Any CPU
		{5D65E93A-2521-4BD5-8594-9903684F0966}.Debug|Any CPU.Build.0 = Debug|Any CPU
		{5D65E93A-2521-4BD5-8594-9903684F0966}.Release|Any CPU.ActiveCfg = Release|Any CPU
		{5D65E93A-2521-4BD5-8594-9903684F0966}.Release|Any CPU.Build.0 = Release|Any CPU
		{938BF78D-8313-4CC2-8439-75B0824B6115}.Debug|Any CPU.ActiveCfg = Debug|Any CPU
		{938BF78D-8313-4CC2-8439-75B0824B6115}.Debug|Any CPU.Build.0 = Debug|Any CPU
		{938BF78D-8313-4CC2-8439-75B0824B6115}.Release|Any CPU.ActiveCfg = Release|Any CPU
		{938BF78D-8313-4CC2-8439-75B0824B6115}.Release|Any CPU.Build.0 = Release|Any CPU
	EndGlobalSection
	GlobalSection(SolutionProperties) = preSolution
		HideSolutionNode = FALSE
	EndGlobalSection
	GlobalSection(ExtensibilityGlobals) = postSolution
		SolutionGuid = {965E59E3-14E8-441F-A11A-1868871C12C7}
	EndGlobalSection
EndGlobal
